{
  "version": 2,
  "packages": {
    "nim": {
      "version": "2.2.10",
      "vcsRevision": "9fe2137fa2f3f66cf5a44f357d461829ac9e20c4",
      "url": "https://github.com/nim-lang/Nim.git",
      "downloadMethod": "git",
      "dependencies": [],
      "checksums": {
        "sha1": "17ec440fdb89f8903db29a17898af590087d2b64"
      }
    },
    "malebolgia": {
      "version": "1.3.2",
      "vcsRevision": "ab17bef08e8e84fabc33e0b039b324438e1ce27b",
      "url": "https://github.com/Araq/malebolgia",
      "downloadMethod": "git",
      "dependencies": [
        "nim"
      ],
      "checksums": {
        "sha1": "5259d27784981c9146c823157d06fbba0bcf6d99"
      }
    },
    "yaclap": {
      "version": "0.1.0",
      "vcsRevision": "44e890687a25412d185f86e0f2361ff1d2eb7cb0",
      "url": "https://codeberg.org/emanresu3/yaclap",
      "downloadMethod": "git",
      "dependencies": [
        "nim"
      ],
      "checksums": {
        "sha1": "476a5513575d91a1d826efaa69608f6fd16664c0"
      }
    },
    "zippy": {
      "version": "0.10.19",
      "vcsRevision": "bcb8c1e1be6abb0a0e35a3c6040cdd9391cc993f",
      "url": "https://github.com/guzba/zippy",
      "downloadMethod": "git",
      "dependencies": [
        "nim"
      ],
      "checksums": {
        "sha1": "706d8c10778f32d28b060dbcc84143ca4bfb9bcd"
      }
    }
  },
  "tasks": {}
}
